
Microsoft Visual Studio Solution File, Format Version 12.00
# Visual Studio Version 16
VisualStudioVersion = 16.0.29728.190
MinimumVisualStudioVersion = 10.0.40219.1
Project("{FAE04EC0-301F-11D3-BF4B-00C04F79EFBC}") = "App16.Android", "App16\App16.Android\App16.Android.csproj", "{79DEC854-B1B2-40AC-B8E0-2C132A0D73E6}"
EndProject
Project("{FAE04EC0-301F-11D3-BF4B-00C04F79EFBC}") = "App16.iOS", "App16\App16.iOS\App16.iOS.csproj", "{238FC533-0D14-4675-AD6B-42CD45633E51}"
EndProject
Project("{FAE04EC0-301F-11D3-BF4B-00C04F79EFBC}") = "App16", "App16\App16\App16.csproj", "{780F7636-8B40-4043-8847-0287726F3381}"
EndProject
Global
	GlobalSection(SolutionConfigurationPlatforms) = preSolution
		Debug|Any CPU = Debug|Any CPU
		Debug|iPhone = Debug|iPhone
		Debug|iPhoneSimulator = Debug|iPhoneSimulator
		Release|Any CPU = Release|Any CPU
		Release|iPhone = Release|iPhone
		Release|iPhoneSimulator = Release|iPhoneSimulator
	EndGlobalSection
	GlobalSection(ProjectConfigurationPlatforms) = postSolution
		{79DEC854-B1B2-40AC-B8E0-2C132A0D73E6}.Debug|Any CPU.ActiveCfg = Debug|Any CPU
		{79DEC854-B1B2-40AC-B8E0-2C132A0D73E6}.Debug|Any CPU.Build.0 = Debug|Any CPU
		{79DEC854-B1B2-40AC-B8E0-2C132A0D73E6}.Debug|Any CPU.Deploy.0 = Debug|Any CPU
		{79DEC854-B1B2-40AC-B8E0-2C132A0D73E6}.Debug|iPhone.ActiveCfg = Debug|Any CPU
		{79DEC854-B1B2-40AC-B8E0-2C132A0D73E6}.Debug|iPhone.Build.0 = Debug|Any CPU
		{79DEC854-B1B2-40AC-B8E0-2C132A0D73E6}.Debug|iPhone.Deploy.0 = Debug|Any CPU
		{79DEC854-B1B2-40AC-B8E0-2C132A0D73E6}.Debug|iPhoneSimulator.ActiveCfg = Debug|Any CPU
		{79DEC854-B1B2-40AC-B8E0-2C132A0D73E6}.Debug|iPhoneSimulator.Build.0 = Debug|Any CPU
		{79DEC854-B1B2-40AC-B8E0-2C132A0D73E6}.Debug|iPhoneSimulator.Deploy.0 = Debug|Any CPU
		{79DEC854-B1B2-40AC-B8E0-2C132A0D73E6}.Release|Any CPU.ActiveCfg = Release|Any CPU
		{79DEC854-B1B2-40AC-B8E0-2C132A0D73E6}.Release|Any CPU.Build.0 = Release|Any CPU
		{79DEC854-B1B2-40AC-B8E0-2C132A0D73E6}.Release|Any CPU.Deploy.0 = Release|Any CPU
		{79DEC854-B1B2-40AC-B8E0-2C132A0D73E6}.Release|iPhone.ActiveCfg = Release|Any CPU
		{79DEC854-B1B2-40AC-B8E0-2C132A0D73E6}.Release|iPhone.Build.0 = Release|Any CPU
		{79DEC854-B1B2-40AC-B8E0-2C132A0D73E6}.Release|iPhone.Deploy.0 = Release|Any CPU
		{79DEC854-B1B2-40AC-B8E0-2C132A0D73E6}.Release|iPhoneSimulator.ActiveCfg = Release|Any CPU
		{79DEC854-B1B2-40AC-B8E0-2C132A0D73E6}.Release|iPhoneSimulator.Build.0 = Release|Any CPU
		{79DEC854-B1B2-40AC-B8E0-2C132A0D73E6}.Release|iPhoneSimulator.Deploy.0 = Release|Any CPU
		{238FC533-0D14-4675-AD6B-42CD45633E51}.Debug|Any CPU.ActiveCfg = Debug|iPhoneSimulator
		{238FC533-0D14-4675-AD6B-42CD45633E51}.Debug|Any CPU.Build.0 = Debug|iPhoneSimulator
		{238FC533-0D14-4675-AD6B-42CD45633E51}.Debug|Any CPU.Deploy.0 = Debug|iPhoneSimulator
		{238FC533-0D14-4675-AD6B-42CD45633E51}.Debug|iPhone.ActiveCfg = Debug|iPhone
		{238FC533-0D14-4675-AD6B-42CD45633E51}.Debug|iPhone.Build.0 = Debug|iPhone
		{238FC533-0D14-4675-AD6B-42CD45633E51}.Debug|iPhone.Deploy.0 = Debug|iPhone
		{238FC533-0D14-4675-AD6B-42CD45633E51}.Debug|iPhoneSimulator.ActiveCfg = Debug|iPhoneSimulator
		{238FC533-0D14-4675-AD6B-42CD45633E51}.Debug|iPhoneSimulator.Build.0 = Debug|iPhoneSimulator
		{238FC533-0D14-4675-AD6B-42CD45633E51}.Debug|iPhoneSimulator.Deploy.0 = Debug|iPhoneSimulator
		{238FC533-0D14-4675-AD6B-42CD45633E51}.Release|Any CPU.ActiveCfg = Release|iPhone
		{238FC533-0D14-4675-AD6B-42CD45633E51}.Release|Any CPU.Build.0 = Release|iPhone
		{238FC533-0D14-4675-AD6B-42CD45633E51}.Release|Any CPU.Deploy.0 = Release|iPhone
		{238FC533-0D14-4675-AD6B-42CD45633E51}.Release|iPhone.ActiveCfg = Release|iPhone
		{238FC533-0D14-4675-AD6B-42CD45633E51}.Release|iPhone.Build.0 = Release|iPhone
		{238FC533-0D14-4675-AD6B-42CD45633E51}.Release|iPhone.Deploy.0 = Release|iPhone
		{238FC533-0D14-4675-AD6B-42CD45633E51}.Release|iPhoneSimulator.ActiveCfg = Release|iPhoneSimulator
		{238FC533-0D14-4675-AD6B-42CD45633E51}.Release|iPhoneSimulator.Build.0 = Release|iPhoneSimulator
		{238FC533-0D14-4675-AD6B-42CD45633E51}.Release|iPhoneSimulator.Deploy.0 = Release|iPhoneSimulator
		{780F7636-8B40-4043-8847-0287726F3381}.Debug|Any CPU.ActiveCfg = Debug|Any CPU
		{780F7636-8B40-4043-8847-0287726F3381}.Debug|Any CPU.Build.0 = Debug|Any CPU
		{780F7636-8B40-4043-8847-0287726F3381}.Debug|Any CPU.Deploy.0 = Debug|Any CPU
		{780F7636-8B40-4043-8847-0287726F3381}.Debug|iPhone.ActiveCfg = Debug|Any CPU
		{780F7636-8B40-4043-8847-0287726F3381}.Debug|iPhone.Build.0 = Debug|Any CPU
		{780F7636-8B40-4043-8847-0287726F3381}.Debug|iPhone.Deploy.0 = Debug|Any CPU
		{780F7636-8B40-4043-8847-0287726F3381}.Debug|iPhoneSimulator.ActiveCfg = Debug|Any CPU
		{780F7636-8B40-4043-8847-0287726F3381}.Debug|iPhoneSimulator.Build.0 = Debug|Any CPU
		{780F7636-8B40-4043-8847-0287726F3381}.Debug|iPhoneSimulator.Deploy.0 = Debug|Any CPU
		{780F7636-8B40-4043-8847-0287726F3381}.Release|Any CPU.ActiveCfg = Release|Any CPU
		{780F7636-8B40-4043-8847-0287726F3381}.Release|Any CPU.Build.0 = Release|Any CPU
		{780F7636-8B40-4043-8847-0287726F3381}.Release|Any CPU.Deploy.0 = Release|Any CPU
		{780F7636-8B40-4043-8847-0287726F3381}.Release|iPhone.ActiveCfg = Release|Any CPU
		{780F7636-8B40-4043-8847-0287726F3381}.Release|iPhone.Build.0 = Release|Any CPU
		{780F7636-8B40-4043-8847-0287726F3381}.Release|iPhone.Deploy.0 = Release|Any CPU
		{780F7636-8B40-4043-8847-0287726F3381}.Release|iPhoneSimulator.ActiveCfg = Release|Any CPU
		{780F7636-8B40-4043-8847-0287726F3381}.Release|iPhoneSimulator.Build.0 = Release|Any CPU
		{780F7636-8B40-4043-8847-0287726F3381}.Release|iPhoneSimulator.Deploy.0 = Release|Any CPU
	EndGlobalSection
	GlobalSection(SolutionProperties) = preSolution
		HideSolutionNode = FALSE
	EndGlobalSection
	GlobalSection(ExtensibilityGlobals) = postSolution
		SolutionGuid = {203D575A-2DCF-4FB8-B22E-46A3DDEC59C9}
	EndGlobalSection
EndGlobal
